{
  "version": 4,
  "terraform_version": "1.13.1",
  "serial": 161,
  "lineage": "cc56fc15-2943-c845-a091-ccb569f66e14",
  "outputs": {},
  "resources": [
    {
      "module": "module.dynamodb",
      "mode": "managed",
      "type": "aws_dynamodb_table",
      "name": "basic-dynamodb-table",
      "provider": "provider[\"registry.terraform.io/hashicorp/aws\"]",
      "instances": [
        {
          "schema_version": 1,
          "attributes": {
            "arn": "arn:aws:dynamodb:us-east-1:702865854817:table/BedrockResults",
            "attribute": [
              {
                "name": "Timestamp",
                "type": "S"
              },
              {
                "name": "correlation_id",
                "type": "S"
              }
            ],
            "billing_mode": "PAY_PER_REQUEST",
            "deletion_protection_enabled": false,
            "global_secondary_index": [],
            "hash_key": "correlation_id",
            "id": "BedrockResults",
            "import_table": [],
            "local_secondary_index": [],
            "name": "BedrockResults",
            "on_demand_throughput": [],
            "point_in_time_recovery": [
              {
                "enabled": false,
                "recovery_period_in_days": 0
              }
            ],
            "range_key": "Timestamp",
            "read_capacity": 0,
            "region": "us-east-1",
            "replica": [],
            "restore_date_time": null,
            "restore_source_name": null,
            "restore_source_table_arn": null,
            "restore_to_latest_time": null,
            "server_side_encryption": [],
            "stream_arn": "",
            "stream_enabled": false,
            "stream_label": "",
            "stream_view_type": "",
            "table_class": "STANDARD",
            "tags": {
              "Name": "Amrit",
              "Project": "serverless"
            },
            "tags_all": {
              "Name": "Amrit",
              "Project": "serverless"
            },
            "timeouts": null,
            "ttl": [
              {
                "attribute_name": "",
                "enabled": false
              }
            ],
            "write_capacity": 0
          },
          "sensitive_attributes": [],
          "identity_schema_version": 0,
          "private": "eyJlMmJmYjczMC1lY2FhLTExZTYtOGY4OC0zNDM2M2JjN2M0YzAiOnsiY3JlYXRlIjoxODAwMDAwMDAwMDAwLCJkZWxldGUiOjYwMDAwMDAwMDAwMCwidXBkYXRlIjozNjAwMDAwMDAwMDAwfSwic2NoZW1hX3ZlcnNpb24iOiIxIn0="
        }
      ]
    },
    {
      "module": "module.eventbridge",
      "mode": "managed",
      "type": "aws_cloudwatch_event_rule",
      "name": "s3_processed_rule",
      "provider": "provider[\"registry.terraform.io/hashicorp/aws\"]",
      "instances": [
        {
          "schema_version": 1,
          "attributes": {
            "arn": "arn:aws:events:us-east-1:702865854817:rule/s3_processed_data_rule",
            "description": "Trigger Bedrock Lambda when processed data is uploaded",
            "event_bus_name": "default",
            "event_pattern": "{\"detail\":{\"bucket\":{\"name\":[\"amrit-s3-bucket-lf\"]},\"object\":{\"key\":[{\"prefix\":\"processed/selected_data.json\"}]}},\"detail-type\":[\"Object Created\"],\"source\":[\"aws.s3\"]}",
            "force_destroy": false,
            "id": "s3_processed_data_rule",
            "is_enabled": true,
            "name": "s3_processed_data_rule",
            "name_prefix": "",
            "region": "us-east-1",
            "role_arn": "",
            "schedule_expression": "",
            "state": "ENABLED",
            "tags": {},
            "tags_all": {}
          },
          "sensitive_attributes": [],
          "identity_schema_version": 0,
          "identity": {
            "account_id": "702865854817",
            "name": "s3_processed_data_rule",
            "region": "us-east-1"
          },
          "private": "eyJzY2hlbWFfdmVyc2lvbiI6IjEifQ=="
        }
      ]
    },
    {
      "module": "module.eventbridge",
      "mode": "managed",
      "type": "aws_cloudwatch_event_target",
      "name": "bedrock_lambda_target",
      "provider": "provider[\"registry.terraform.io/hashicorp/aws\"]",
      "instances": [
        {
          "schema_version": 1,
          "attributes": {
            "appsync_target": [],
            "arn": "arn:aws:lambda:us-east-1:702865854817:function:data_analyzer_function",
            "batch_target": [],
            "dead_letter_config": [],
            "ecs_target": [],
            "event_bus_name": "default",
            "force_destroy": false,
            "http_target": [],
            "id": "s3_processed_data_rule-BedrockLambda",
            "input": "",
            "input_path": "",
            "input_transformer": [],
            "kinesis_target": [],
            "redshift_target": [],
            "region": "us-east-1",
            "retry_policy": [],
            "role_arn": "",
            "rule": "s3_processed_data_rule",
            "run_command_targets": [],
            "sagemaker_pipeline_target": [],
            "sqs_target": [],
            "target_id": "BedrockLambda"
          },
          "sensitive_attributes": [],
          "identity_schema_version": 0,
          "identity": {
            "account_id": "702865854817",
            "event_bus_name": "default",
            "region": "us-east-1",
            "rule": "s3_processed_data_rule",
            "target_id": "BedrockLambda"
          },
          "private": "eyJzY2hlbWFfdmVyc2lvbiI6IjEifQ==",
          "dependencies": [
            "module.eventbridge.aws_cloudwatch_event_rule.s3_processed_rule",
            "module.lambda.aws_iam_role.lambda_iam_role",
            "module.lambda.aws_lambda_function.data_analyzer_function",
            "module.lambda.data.archive_file.data_analyzer_archive"
          ]
        }
      ]
    },
    {
      "module": "module.eventbridge",
      "mode": "managed",
      "type": "aws_lambda_permission",
      "name": "allow_eventbridge",
      "provider": "provider[\"registry.terraform.io/hashicorp/aws\"]",
      "instances": [
        {
          "schema_version": 0,
          "attributes": {
            "action": "lambda:InvokeFunction",
            "event_source_token": null,
            "function_name": "data_analyzer_function",
            "function_url_auth_type": null,
            "id": "AllowExecutionFromEventBridge",
            "principal": "events.amazonaws.com",
            "principal_org_id": null,
            "qualifier": "",
            "region": "us-east-1",
            "source_account": null,
            "source_arn": "arn:aws:events:us-east-1:702865854817:rule/s3_processed_data_rule",
            "statement_id": "AllowExecutionFromEventBridge",
            "statement_id_prefix": ""
          },
          "sensitive_attributes": [],
          "identity_schema_version": 0,
          "identity": {
            "account_id": "702865854817",
            "function_name": "data_analyzer_function",
            "qualifier": null,
            "region": "us-east-1",
            "statement_id": "AllowExecutionFromEventBridge"
          },
          "private": "bnVsbA==",
          "dependencies": [
            "module.eventbridge.aws_cloudwatch_event_rule.s3_processed_rule",
            "module.lambda.aws_iam_role.lambda_iam_role",
            "module.lambda.aws_lambda_function.data_analyzer_function",
            "module.lambda.data.archive_file.data_analyzer_archive"
          ]
        }
      ]
    },
    {
      "module": "module.lambda",
      "mode": "data",
      "type": "archive_file",
      "name": "data_analyzer_archive",
      "provider": "provider[\"registry.terraform.io/hashicorp/archive\"]",
      "instances": [
        {
          "schema_version": 0,
          "attributes": {
            "exclude_symlink_directories": null,
            "excludes": null,
            "id": "728588d4b4d21e9addcab1a695390288f1df48d1",
            "output_base64sha256": "Umh9XQ5VvX+W7MQz6Y7zwA+qMPYpuQJD/TMZU28jzgg=",
            "output_base64sha512": "1AniE/mNoEeDksA173x1Xl/C48K6bqkD78TRPB2pl+yzEshI0mrn8yv0m6AZOimC8Mw85mRR/aBdnjZGI8j7aQ==",
            "output_file_mode": null,
            "output_md5": "597d431af01cb02153b973e4717797cb",
            "output_path": "lambda/boto3/data_analyzer_lambda.zip",
            "output_sha": "728588d4b4d21e9addcab1a695390288f1df48d1",
            "output_sha256": "52687d5d0e55bd7f96ecc433e98ef3c00faa30f629b90243fd3319536f23ce08",
            "output_sha512": "d409e213f98da0478392c035ef7c755e5fc2e3c2ba6ea903efc4d13c1da997ecb312c848d26ae7f32bf49ba0193a2982f0cc3ce66451fda05d9e364623c8fb69",
            "output_size": 2267,
            "source": [],
            "source_content": null,
            "source_content_filename": null,
            "source_dir": null,
            "source_file": "lambda/boto3/data_analyzer_lambda.py",
            "type": "zip"
          },
          "sensitive_attributes": [],
          "identity_schema_version": 0
        }
      ]
    },
    {
      "module": "module.lambda",
      "mode": "data",
      "type": "archive_file",
      "name": "data_ingestor_archive",
      "provider": "provider[\"registry.terraform.io/hashicorp/archive\"]",
      "instances": [
        {
          "schema_version": 0,
          "attributes": {
            "exclude_symlink_directories": null,
            "excludes": null,
            "id": "5392ca19d0b1a0af4a062c29202636259730e5d4",
            "output_base64sha256": "4s7exljegCNaD65kahcoon+A2puReQrEfBjYleY0FZM=",
            "output_base64sha512": "hto6d5Nyh0jtCGhGQYQNvBT2wYD59e0LGyq5nnlVCBXGpSq3iOkWYeHYoxYZrTzWo6yOtyfv1/uTOZXV5IFnfw==",
            "output_file_mode": null,
            "output_md5": "69f4743f1edc5cc0f6c30c04be6d7e35",
            "output_path": "lambda/boto3/data_ingestor_lambda.zip",
            "output_sha": "5392ca19d0b1a0af4a062c29202636259730e5d4",
            "output_sha256": "e2cedec658de80235a0fae646a1728a27f80da9b91790ac47c18d895e6341593",
            "output_sha512": "86da3a7793728748ed08684641840dbc14f6c180f9f5ed0b1b2ab99e79550815c6a52ab788e91661e1d8a31619ad3cd6a3ac8eb727efd7fb933995d5e481677f",
            "output_size": 2903,
            "source": [],
            "source_content": null,
            "source_content_filename": null,
            "source_dir": null,
            "source_file": "lambda/boto3/data_ingestor_lambda.py",
            "type": "zip"
          },
          "sensitive_attributes": [],
          "identity_schema_version": 0
        }
      ]
    },
    {
      "module": "module.lambda",
      "mode": "managed",
      "type": "aws_iam_policy",
      "name": "iam_policy",
      "provider": "provider[\"registry.terraform.io/hashicorp/aws\"]",
      "instances": [
        {
          "schema_version": 0,
          "attributes": {
            "arn": "arn:aws:iam::702865854817:policy/iam_role_policy_s3",
            "attachment_count": 1,
            "description": "",
            "id": "arn:aws:iam::702865854817:policy/iam_role_policy_s3",
            "name": "iam_role_policy_s3",
            "name_prefix": "",
            "path": "/",
            "policy": "{\"Statement\":[{\"Action\":[\"s3:GetObject\",\"s3:PutObject\"],\"Effect\":\"Allow\",\"Resource\":[\"arn:aws:s3:::amrit-s3-bucket-lf/*\"]},{\"Action\":[\"s3:ListBucket\"],\"Effect\":\"Allow\",\"Resource\":[\"arn:aws:s3:::amrit-s3-bucket-lf\"]},{\"Action\":[\"bedrock:InvokeModel\"],\"Effect\":\"Allow\",\"Resource\":\"*\"},{\"Action\":[\"dynamodb:PutItem\",\"dynamodb:UpdateItem\"],\"Effect\":\"Allow\",\"Resource\":\"arn:aws:dynamodb:us-east-1:702865854817:table/BedrockResults\"}],\"Version\":\"2012-10-17\"}",
            "policy_id": "ANPA2HJQR2FQZ2SJNC26K",
            "tags": {},
            "tags_all": {}
          },
          "sensitive_attributes": [],
          "identity_schema_version": 0,
          "identity": {
            "arn": "arn:aws:iam::702865854817:policy/iam_role_policy_s3"
          },
          "private": "bnVsbA==",
          "dependencies": [
            "module.s3.aws_s3_bucket.s3_bucket"
          ]
        }
      ]
    },
    {
      "module": "module.lambda",
      "mode": "managed",
      "type": "aws_iam_role",
      "name": "lambda_iam_role",
      "provider": "provider[\"registry.terraform.io/hashicorp/aws\"]",
      "instances": [
        {
          "schema_version": 0,
          "attributes": {
            "arn": "arn:aws:iam::702865854817:role/lambda_role",
            "assume_role_policy": "{\"Statement\":[{\"Action\":\"sts:AssumeRole\",\"Effect\":\"Allow\",\"Principal\":{\"Service\":\"lambda.amazonaws.com\"}}],\"Version\":\"2012-10-17\"}",
            "create_date": "2025-09-08T07:34:47Z",
            "description": "",
            "force_detach_policies": false,
            "id": "lambda_role",
            "inline_policy": [],
            "managed_policy_arns": [
              "arn:aws:iam::702865854817:policy/iam_role_policy_s3",
              "arn:aws:iam::aws:policy/service-role/AWSLambdaBasicExecutionRole"
            ],
            "max_session_duration": 3600,
            "name": "lambda_role",
            "name_prefix": "",
            "path": "/",
            "permissions_boundary": "",
            "tags": {},
            "tags_all": {},
            "unique_id": "AROA2HJQR2FQYK327WXQB"
          },
          "sensitive_attributes": [],
          "identity_schema_version": 0,
          "identity": {
            "account_id": "702865854817",
            "name": "lambda_role"
          },
          "private": "bnVsbA=="
        }
      ]
    },
    {
      "module": "module.lambda",
      "mode": "managed",
      "type": "aws_iam_role_policy_attachment",
      "name": "iam_role_policy_attachment",
      "provider": "provider[\"registry.terraform.io/hashicorp/aws\"]",
      "instances": [
        {
          "schema_version": 0,
          "attributes": {
            "id": "lambda_role/arn:aws:iam::702865854817:policy/iam_role_policy_s3",
            "policy_arn": "arn:aws:iam::702865854817:policy/iam_role_policy_s3",
            "role": "lambda_role"
          },
          "sensitive_attributes": [],
          "identity_schema_version": 0,
          "identity": {
            "account_id": "702865854817",
            "policy_arn": "arn:aws:iam::702865854817:policy/iam_role_policy_s3",
            "role": "lambda_role"
          },
          "private": "bnVsbA==",
          "dependencies": [
            "module.lambda.aws_iam_policy.iam_policy",
            "module.lambda.aws_iam_role.lambda_iam_role",
            "module.s3.aws_s3_bucket.s3_bucket"
          ]
        }
      ]
    },
    {
      "module": "module.lambda",
      "mode": "managed",
      "type": "aws_iam_role_policy_attachment",
      "name": "lambda_logging",
      "provider": "provider[\"registry.terraform.io/hashicorp/aws\"]",
      "instances": [
        {
          "schema_version": 0,
          "attributes": {
            "id": "lambda_role/arn:aws:iam::aws:policy/service-role/AWSLambdaBasicExecutionRole",
            "policy_arn": "arn:aws:iam::aws:policy/service-role/AWSLambdaBasicExecutionRole",
            "role": "lambda_role"
          },
          "sensitive_attributes": [],
          "identity_schema_version": 0,
          "identity": {
            "account_id": "702865854817",
            "policy_arn": "arn:aws:iam::aws:policy/service-role/AWSLambdaBasicExecutionRole",
            "role": "lambda_role"
          },
          "private": "bnVsbA==",
          "dependencies": [
            "module.lambda.aws_iam_role.lambda_iam_role"
          ]
        }
      ]
    },
    {
      "module": "module.lambda",
      "mode": "managed",
      "type": "aws_lambda_function",
      "name": "data_analyzer_function",
      "provider": "provider[\"registry.terraform.io/hashicorp/aws\"]",
      "instances": [
        {
          "schema_version": 0,
          "attributes": {
            "architectures": [
              "x86_64"
            ],
            "arn": "arn:aws:lambda:us-east-1:702865854817:function:data_analyzer_function",
            "code_sha256": "Umh9XQ5VvX+W7MQz6Y7zwA+qMPYpuQJD/TMZU28jzgg=",
            "code_signing_config_arn": "",
            "dead_letter_config": [],
            "description": "",
            "environment": [],
            "ephemeral_storage": [
              {
                "size": 512
              }
            ],
            "file_system_config": [],
            "filename": "lambda/boto3/data_analyzer_lambda.zip",
            "function_name": "data_analyzer_function",
            "handler": "data_analyzer_lambda.lambda_handler",
            "id": "data_analyzer_function",
            "image_config": [],
            "image_uri": "",
            "invoke_arn": "arn:aws:apigateway:us-east-1:lambda:path/2015-03-31/functions/arn:aws:lambda:us-east-1:702865854817:function:data_analyzer_function/invocations",
            "kms_key_arn": "",
            "last_modified": "2025-09-10T12:18:30.000+0000",
            "layers": [],
            "logging_config": [
              {
                "application_log_level": "",
                "log_format": "Text",
                "log_group": "/aws/lambda/data_analyzer_function",
                "system_log_level": ""
              }
            ],
            "memory_size": 1024,
            "package_type": "Zip",
            "publish": false,
            "qualified_arn": "arn:aws:lambda:us-east-1:702865854817:function:data_analyzer_function:$LATEST",
            "qualified_invoke_arn": "arn:aws:apigateway:us-east-1:lambda:path/2015-03-31/functions/arn:aws:lambda:us-east-1:702865854817:function:data_analyzer_function:$LATEST/invocations",
            "region": "us-east-1",
            "replace_security_groups_on_destroy": null,
            "replacement_security_group_ids": null,
            "reserved_concurrent_executions": -1,
            "role": "arn:aws:iam::702865854817:role/lambda_role",
            "runtime": "python3.12",
            "s3_bucket": null,
            "s3_key": null,
            "s3_object_version": null,
            "signing_job_arn": "",
            "signing_profile_version_arn": "",
            "skip_destroy": false,
            "snap_start": [],
            "source_code_hash": "Umh9XQ5VvX+W7MQz6Y7zwA+qMPYpuQJD/TMZU28jzgg=",
            "source_code_size": 2267,
            "source_kms_key_arn": "",
            "tags": {},
            "tags_all": {},
            "timeout": 900,
            "timeouts": null,
            "tracing_config": [
              {
                "mode": "PassThrough"
              }
            ],
            "version": "$LATEST",
            "vpc_config": []
          },
          "sensitive_attributes": [],
          "identity_schema_version": 0,
          "identity": {
            "account_id": "702865854817",
            "function_name": "data_analyzer_function",
            "region": "us-east-1"
          },
          "private": "eyJlMmJmYjczMC1lY2FhLTExZTYtOGY4OC0zNDM2M2JjN2M0YzAiOnsiY3JlYXRlIjo2MDAwMDAwMDAwMDAsImRlbGV0ZSI6NjAwMDAwMDAwMDAwLCJ1cGRhdGUiOjYwMDAwMDAwMDAwMH19",
          "dependencies": [
            "module.lambda.aws_iam_role.lambda_iam_role",
            "module.lambda.data.archive_file.data_analyzer_archive"
          ]
        }
      ]
    },
    {
      "module": "module.lambda",
      "mode": "managed",
      "type": "aws_lambda_function",
      "name": "data_ingestor_function",
      "provider": "provider[\"registry.terraform.io/hashicorp/aws\"]",
      "instances": [
        {
          "schema_version": 0,
          "attributes": {
            "architectures": [
              "x86_64"
            ],
            "arn": "arn:aws:lambda:us-east-1:702865854817:function:data_ingestor_function",
            "code_sha256": "4s7exljegCNaD65kahcoon+A2puReQrEfBjYleY0FZM=",
            "code_signing_config_arn": "",
            "dead_letter_config": [],
            "description": "",
            "environment": [],
            "ephemeral_storage": [
              {
                "size": 512
              }
            ],
            "file_system_config": [],
            "filename": "lambda/boto3/data_ingestor_lambda.zip",
            "function_name": "data_ingestor_function",
            "handler": "data_ingestor_lambda.lambda_handler",
            "id": "data_ingestor_function",
            "image_config": [],
            "image_uri": "",
            "invoke_arn": "arn:aws:apigateway:us-east-1:lambda:path/2015-03-31/functions/arn:aws:lambda:us-east-1:702865854817:function:data_ingestor_function/invocations",
            "kms_key_arn": "",
            "last_modified": "2025-09-09T06:21:19.000+0000",
            "layers": [
              "arn:aws:lambda:us-east-1:702865854817:layer:lambda_layer_dependencies_layer:2"
            ],
            "logging_config": [
              {
                "application_log_level": "",
                "log_format": "Text",
                "log_group": "/aws/lambda/data_ingestor_function",
                "system_log_level": ""
              }
            ],
            "memory_size": 1024,
            "package_type": "Zip",
            "publish": false,
            "qualified_arn": "arn:aws:lambda:us-east-1:702865854817:function:data_ingestor_function:$LATEST",
            "qualified_invoke_arn": "arn:aws:apigateway:us-east-1:lambda:path/2015-03-31/functions/arn:aws:lambda:us-east-1:702865854817:function:data_ingestor_function:$LATEST/invocations",
            "region": "us-east-1",
            "replace_security_groups_on_destroy": null,
            "replacement_security_group_ids": null,
            "reserved_concurrent_executions": -1,
            "role": "arn:aws:iam::702865854817:role/lambda_role",
            "runtime": "python3.12",
            "s3_bucket": null,
            "s3_key": null,
            "s3_object_version": null,
            "signing_job_arn": "",
            "signing_profile_version_arn": "",
            "skip_destroy": false,
            "snap_start": [],
            "source_code_hash": "4s7exljegCNaD65kahcoon+A2puReQrEfBjYleY0FZM=",
            "source_code_size": 2903,
            "source_kms_key_arn": "",
            "tags": {},
            "tags_all": {},
            "timeout": 900,
            "timeouts": null,
            "tracing_config": [
              {
                "mode": "PassThrough"
              }
            ],
            "version": "$LATEST",
            "vpc_config": []
          },
          "sensitive_attributes": [],
          "identity_schema_version": 0,
          "identity": {
            "account_id": "702865854817",
            "function_name": "data_ingestor_function",
            "region": "us-east-1"
          },
          "private": "eyJlMmJmYjczMC1lY2FhLTExZTYtOGY4OC0zNDM2M2JjN2M0YzAiOnsiY3JlYXRlIjo2MDAwMDAwMDAwMDAsImRlbGV0ZSI6NjAwMDAwMDAwMDAwLCJ1cGRhdGUiOjYwMDAwMDAwMDAwMH19",
          "dependencies": [
            "module.lambda.aws_iam_role.lambda_iam_role",
            "module.lambda.aws_lambda_layer_version.lambda_layer",
            "module.lambda.data.archive_file.data_ingestor_archive"
          ]
        }
      ]
    },
    {
      "module": "module.lambda",
      "mode": "managed",
      "type": "aws_lambda_layer_version",
      "name": "lambda_layer",
      "provider": "provider[\"registry.terraform.io/hashicorp/aws\"]",
      "instances": [
        {
          "schema_version": 0,
          "attributes": {
            "arn": "arn:aws:lambda:us-east-1:702865854817:layer:lambda_layer_dependencies_layer:2",
            "code_sha256": "CZ1RrYKlVRlB7G8BjzjGFvsDf5cBZRg/kyBbHBbjX2k=",
            "compatible_architectures": [
              "x86_64"
            ],
            "compatible_runtimes": [
              "python3.12"
            ],
            "created_date": "2025-09-08T07:35:46.175+0000",
            "description": "Common dependencies for Lambda functions",
            "filename": "lambda/layer.zip",
            "id": "arn:aws:lambda:us-east-1:702865854817:layer:lambda_layer_dependencies_layer:2",
            "layer_arn": "arn:aws:lambda:us-east-1:702865854817:layer:lambda_layer_dependencies_layer",
            "layer_name": "lambda_layer_dependencies_layer",
            "license_info": "",
            "region": "us-east-1",
            "s3_bucket": null,
            "s3_key": null,
            "s3_object_version": null,
            "signing_job_arn": "",
            "signing_profile_version_arn": "",
            "skip_destroy": false,
            "source_code_hash": "",
            "source_code_size": 40800035,
            "version": "2"
          },
          "sensitive_attributes": [],
          "identity_schema_version": 0,
          "private": "bnVsbA=="
        }
      ]
    },
    {
      "module": "module.lambda",
      "mode": "managed",
      "type": "aws_lambda_permission",
      "name": "s3_data_ingestor",
      "provider": "provider[\"registry.terraform.io/hashicorp/aws\"]",
      "instances": [
        {
          "schema_version": 0,
          "attributes": {
            "action": "lambda:InvokeFunction",
            "event_source_token": null,
            "function_name": "data_ingestor_function",
            "function_url_auth_type": null,
            "id": "AllowS3InvokeIngestor",
            "principal": "s3.amazonaws.com",
            "principal_org_id": null,
            "qualifier": "",
            "region": "us-east-1",
            "source_account": null,
            "source_arn": "arn:aws:s3:::amrit-s3-bucket-lf",
            "statement_id": "AllowS3InvokeIngestor",
            "statement_id_prefix": ""
          },
          "sensitive_attributes": [],
          "identity_schema_version": 0,
          "identity": {
            "account_id": "702865854817",
            "function_name": "data_ingestor_function",
            "qualifier": null,
            "region": "us-east-1",
            "statement_id": "AllowS3InvokeIngestor"
          },
          "private": "bnVsbA==",
          "dependencies": [
            "module.lambda.aws_iam_role.lambda_iam_role",
            "module.lambda.aws_lambda_function.data_ingestor_function",
            "module.lambda.aws_lambda_layer_version.lambda_layer",
            "module.lambda.data.archive_file.data_ingestor_archive",
            "module.s3.aws_s3_bucket.s3_bucket"
          ]
        }
      ]
    },
    {
      "module": "module.lambda",
      "mode": "managed",
      "type": "aws_s3_bucket_notification",
      "name": "upload_trigger",
      "provider": "provider[\"registry.terraform.io/hashicorp/aws\"]",
      "instances": [
        {
          "schema_version": 0,
          "attributes": {
            "bucket": "amrit-s3-bucket-lf",
            "eventbridge": true,
            "id": "amrit-s3-bucket-lf",
            "lambda_function": [
              {
                "events": [
                  "s3:ObjectCreated:*"
                ],
                "filter_prefix": "upload/",
                "filter_suffix": "",
                "id": "tf-s3-lambda-20250908073604077800000001",
                "lambda_function_arn": "arn:aws:lambda:us-east-1:702865854817:function:data_ingestor_function"
              }
            ],
            "queue": [],
            "region": "us-east-1",
            "topic": []
          },
          "sensitive_attributes": [],
          "identity_schema_version": 0,
          "identity": {
            "account_id": "702865854817",
            "bucket": "amrit-s3-bucket-lf",
            "region": "us-east-1"
          },
          "private": "bnVsbA==",
          "dependencies": [
            "module.lambda.aws_iam_role.lambda_iam_role",
            "module.lambda.aws_lambda_function.data_ingestor_function",
            "module.lambda.aws_lambda_layer_version.lambda_layer",
            "module.lambda.aws_lambda_permission.s3_data_ingestor",
            "module.lambda.data.archive_file.data_ingestor_archive",
            "module.s3.aws_s3_bucket.s3_bucket"
          ]
        }
      ]
    },
    {
      "module": "module.s3",
      "mode": "managed",
      "type": "aws_s3_bucket",
      "name": "s3_bucket",
      "provider": "provider[\"registry.terraform.io/hashicorp/aws\"]",
      "instances": [
        {
          "schema_version": 0,
          "attributes": {
            "acceleration_status": "",
            "acl": null,
            "arn": "arn:aws:s3:::amrit-s3-bucket-lf",
            "bucket": "amrit-s3-bucket-lf",
            "bucket_domain_name": "amrit-s3-bucket-lf.s3.amazonaws.com",
            "bucket_prefix": "",
            "bucket_region": "us-east-1",
            "bucket_regional_domain_name": "amrit-s3-bucket-lf.s3.us-east-1.amazonaws.com",
            "cors_rule": [],
            "force_destroy": true,
            "grant": [
              {
                "id": "e8c39e10ab37b3c41ab485345821cd489df5db75ed55e8f91613782d0b73a9b5",
                "permissions": [
                  "FULL_CONTROL"
                ],
                "type": "CanonicalUser",
                "uri": ""
              }
            ],
            "hosted_zone_id": "Z3AQBSTGFYJSTF",
            "id": "amrit-s3-bucket-lf",
            "lifecycle_rule": [],
            "logging": [],
            "object_lock_configuration": [],
            "object_lock_enabled": false,
            "policy": "{\"Statement\":[{\"Action\":[\"s3:GetObject\",\"s3:PutObject\"],\"Effect\":\"Allow\",\"Principal\":{\"AWS\":\"arn:aws:iam::702865854817:role/lambda_role\"},\"Resource\":\"arn:aws:s3:::amrit-s3-bucket-lf/*\"}],\"Version\":\"2012-10-17\"}",
            "region": "us-east-1",
            "replication_configuration": [],
            "request_payer": "BucketOwner",
            "server_side_encryption_configuration": [
              {
                "rule": [
                  {
                    "apply_server_side_encryption_by_default": [
                      {
                        "kms_master_key_id": "",
                        "sse_algorithm": "AES256"
                      }
                    ],
                    "bucket_key_enabled": false
                  }
                ]
              }
            ],
            "tags": {
              "Name": "Amrit",
              "Project": "Assignment"
            },
            "tags_all": {
              "Name": "Amrit",
              "Project": "Assignment"
            },
            "timeouts": null,
            "versioning": [
              {
                "enabled": true,
                "mfa_delete": false
              }
            ],
            "website": [],
            "website_domain": null,
            "website_endpoint": null
          },
          "sensitive_attributes": [],
          "identity_schema_version": 0,
          "identity": {
            "account_id": "702865854817",
            "bucket": "amrit-s3-bucket-lf",
            "region": "us-east-1"
          },
          "private": "eyJlMmJmYjczMC1lY2FhLTExZTYtOGY4OC0zNDM2M2JjN2M0YzAiOnsiY3JlYXRlIjoxMjAwMDAwMDAwMDAwLCJkZWxldGUiOjM2MDAwMDAwMDAwMDAsInJlYWQiOjEyMDAwMDAwMDAwMDAsInVwZGF0ZSI6MTIwMDAwMDAwMDAwMH19"
        }
      ]
    },
    {
      "module": "module.s3",
      "mode": "managed",
      "type": "aws_s3_bucket_policy",
      "name": "s3_bucket_policy",
      "provider": "provider[\"registry.terraform.io/hashicorp/aws\"]",
      "instances": [
        {
          "schema_version": 0,
          "attributes": {
            "bucket": "amrit-s3-bucket-lf",
            "id": "amrit-s3-bucket-lf",
            "policy": "{\"Statement\":[{\"Action\":[\"s3:GetObject\",\"s3:PutObject\"],\"Effect\":\"Allow\",\"Principal\":{\"AWS\":\"arn:aws:iam::702865854817:role/lambda_role\"},\"Resource\":\"arn:aws:s3:::amrit-s3-bucket-lf/*\"}],\"Version\":\"2012-10-17\"}",
            "region": "us-east-1"
          },
          "sensitive_attributes": [],
          "identity_schema_version": 0,
          "identity": {
            "account_id": "702865854817",
            "bucket": "amrit-s3-bucket-lf",
            "region": "us-east-1"
          },
          "private": "bnVsbA==",
          "dependencies": [
            "module.lambda.aws_iam_role.lambda_iam_role",
            "module.s3.aws_s3_bucket.s3_bucket"
          ]
        }
      ]
    },
    {
      "module": "module.s3",
      "mode": "managed",
      "type": "aws_s3_bucket_server_side_encryption_configuration",
      "name": "s3_encryption",
      "provider": "provider[\"registry.terraform.io/hashicorp/aws\"]",
      "instances": [
        {
          "schema_version": 0,
          "attributes": {
            "bucket": "amrit-s3-bucket-lf",
            "expected_bucket_owner": "",
            "id": "amrit-s3-bucket-lf",
            "region": "us-east-1",
            "rule": [
              {
                "apply_server_side_encryption_by_default": [
                  {
                    "kms_master_key_id": "",
                    "sse_algorithm": "AES256"
                  }
                ],
                "bucket_key_enabled": false
              }
            ]
          },
          "sensitive_attributes": [],
          "identity_schema_version": 0,
          "identity": {
            "account_id": "702865854817",
            "bucket": "amrit-s3-bucket-lf",
            "expected_bucket_owner": null,
            "region": "us-east-1"
          },
          "private": "bnVsbA==",
          "dependencies": [
            "module.s3.aws_s3_bucket.s3_bucket"
          ]
        }
      ]
    },
    {
      "module": "module.s3",
      "mode": "managed",
      "type": "aws_s3_bucket_versioning",
      "name": "aws_s3_bucket_versioning",
      "provider": "provider[\"registry.terraform.io/hashicorp/aws\"]",
      "instances": [
        {
          "schema_version": 0,
          "attributes": {
            "bucket": "amrit-s3-bucket-lf",
            "expected_bucket_owner": "",
            "id": "amrit-s3-bucket-lf",
            "mfa": null,
            "region": "us-east-1",
            "versioning_configuration": [
              {
                "mfa_delete": "",
                "status": "Enabled"
              }
            ]
          },
          "sensitive_attributes": [],
          "identity_schema_version": 0,
          "identity": {
            "account_id": "702865854817",
            "bucket": "amrit-s3-bucket-lf",
            "expected_bucket_owner": null,
            "region": "us-east-1"
          },
          "private": "bnVsbA==",
          "dependencies": [
            "module.s3.aws_s3_bucket.s3_bucket"
          ]
        }
      ]
    }
  ],
  "check_results": null
}
